
Microsoft Visual Studio Solution File, Format Version 12.00
# Visual Studio 15
Project("{9344BDBB-3E7F-41FC-A0DD-8665D75EE146}") = "Health", "Health\Health.mdproj", "{03D1BEA5-73F3-4C93-999C-5E986CC29572}"
EndProject
Global
	GlobalSection(SolutionConfigurationPlatforms) = preSolution
		Default|Any CPU = Default|Any CPU
	EndGlobalSection
	GlobalSection(ProjectConfigurationPlatforms) = postSolution
		{03D1BEA5-73F3-4C93-999C-5E986CC29572}.Default|Any CPU.ActiveCfg = Default|Any CPU
		{03D1BEA5-73F3-4C93-999C-5E986CC29572}.Default|Any CPU.Build.0 = Default|Any CPU
	EndGlobalSection
EndGlobal
